
Microsoft Visual Studio Solution File, Format Version 12.00
# Visual Studio Version 17
VisualStudioVersion = 17.5.002.0
MinimumVisualStudioVersion = 10.0.40219.1
Project("{9A19103F-16F7-4668-BE54-9A1E7A4F7556}") = "Gift_Exchange", "Gift_Exchange.csproj", "{BAD4D2FD-FC96-44C7-AF64-D0F6E93661C7}"
EndProject
Global
	GlobalSection(SolutionConfigurationPlatforms) = preSolution
		Debug|Any CPU = Debug|Any CPU
		Release|Any CPU = Release|Any CPU
	EndGlobalSection
	GlobalSection(ProjectConfigurationPlatforms) = postSolution
		{BAD4D2FD-FC96-44C7-AF64-D0F6E93661C7}.Debug|Any CPU.ActiveCfg = Debug|Any CPU
		{BAD4D2FD-FC96-44C7-AF64-D0F6E93661C7}.Debug|Any CPU.Build.0 = Debug|Any CPU
		{BAD4D2FD-FC96-44C7-AF64-D0F6E93661C7}.Release|Any CPU.ActiveCfg = Release|Any CPU
		{BAD4D2FD-FC96-44C7-AF64-D0F6E93661C7}.Release|Any CPU.Build.0 = Release|Any CPU
	EndGlobalSection
	GlobalSection(SolutionProperties) = preSolution
		HideSolutionNode = FALSE
	EndGlobalSection
	GlobalSection(ExtensibilityGlobals) = postSolution
		SolutionGuid = {97F6D7E6-8D3F-4415-B0D0-BEE7A5FED34E}
	EndGlobalSection
EndGlobal
